
Microsoft Visual Studio Solution File, Format Version 12.00
# Visual Studio Version 17
VisualStudioVersion = 17.0.31903.59
MinimumVisualStudioVersion = 10.0.40219.1
Project("{2150E333-8FDC-42A3-9474-1A3956D46DE8}") = "src", "src", "{827E0CD3-B72D-47B6-A68D-7590B98EB39B}"
EndProject
Project("{FAE04EC0-301F-11D3-BF4B-00C04F79EFBC}") = "XperienceCommunity.GoogleMapWidget", "src\XperienceCommunity.GoogleMapWidget\XperienceCommunity.GoogleMapWidget.csproj", "{7F59102D-8468-4787-9416-CD8DDF601093}"
EndProject
Project("{2150E333-8FDC-42A3-9474-1A3956D46DE8}") = "tests", "tests", "{0AB3BF05-4346-4AA6-1389-037BE0695223}"
EndProject
Project("{FAE04EC0-301F-11D3-BF4B-00C04F79EFBC}") = "XperienceCommunity.GoogleMapWidget.Tests", "tests\XperienceCommunity.GoogleMapWidget.Tests\XperienceCommunity.GoogleMapWidget.Tests.csproj", "{B3E99D3B-202F-43E1-8E7B-19037DB628B0}"
EndProject
Project("{2150E333-8FDC-42A3-9474-1A3956D46DE8}") = "examples", "examples", "{B36A84DF-456D-A817-6EDD-3EC3E7F6E11F}"
EndProject
Project("{FAE04EC0-301F-11D3-BF4B-00C04F79EFBC}") = "DancingGoat", "examples\DancingGoat\DancingGoat.csproj", "{D29C4C00-B90C-4AF4-96EB-2BBE862740FC}"
EndProject
Global
	GlobalSection(SolutionConfigurationPlatforms) = preSolution
		Debug|Any CPU = Debug|Any CPU
		Debug|x64 = Debug|x64
		Debug|x86 = Debug|x86
		Release|Any CPU = Release|Any CPU
		Release|x64 = Release|x64
		Release|x86 = Release|x86
	EndGlobalSection
	GlobalSection(ProjectConfigurationPlatforms) = postSolution
		{7F59102D-8468-4787-9416-CD8DDF601093}.Debug|Any CPU.ActiveCfg = Debug|Any CPU
		{7F59102D-8468-4787-9416-CD8DDF601093}.Debug|Any CPU.Build.0 = Debug|Any CPU
		{7F59102D-8468-4787-9416-CD8DDF601093}.Debug|x64.ActiveCfg = Debug|Any CPU
		{7F59102D-8468-4787-9416-CD8DDF601093}.Debug|x64.Build.0 = Debug|Any CPU
		{7F59102D-8468-4787-9416-CD8DDF601093}.Debug|x86.ActiveCfg = Debug|Any CPU
		{7F59102D-8468-4787-9416-CD8DDF601093}.Debug|x86.Build.0 = Debug|Any CPU
		{7F59102D-8468-4787-9416-CD8DDF601093}.Release|Any CPU.ActiveCfg = Release|Any CPU
		{7F59102D-8468-4787-9416-CD8DDF601093}.Release|Any CPU.Build.0 = Release|Any CPU
		{7F59102D-8468-4787-9416-CD8DDF601093}.Release|x64.ActiveCfg = Release|Any CPU
		{7F59102D-8468-4787-9416-CD8DDF601093}.Release|x64.Build.0 = Release|Any CPU
		{7F59102D-8468-4787-9416-CD8DDF601093}.Release|x86.ActiveCfg = Release|Any CPU
		{7F59102D-8468-4787-9416-CD8DDF601093}.Release|x86.Build.0 = Release|Any CPU
		{B3E99D3B-202F-43E1-8E7B-19037DB628B0}.Debug|Any CPU.ActiveCfg = Debug|Any CPU
		{B3E99D3B-202F-43E1-8E7B-19037DB628B0}.Debug|Any CPU.Build.0 = Debug|Any CPU
		{B3E99D3B-202F-43E1-8E7B-19037DB628B0}.Debug|x64.ActiveCfg = Debug|Any CPU
		{B3E99D3B-202F-43E1-8E7B-19037DB628B0}.Debug|x64.Build.0 = Debug|Any CPU
		{B3E99D3B-202F-43E1-8E7B-19037DB628B0}.Debug|x86.ActiveCfg = Debug|Any CPU
		{B3E99D3B-202F-43E1-8E7B-19037DB628B0}.Debug|x86.Build.0 = Debug|Any CPU
		{B3E99D3B-202F-43E1-8E7B-19037DB628B0}.Release|Any CPU.ActiveCfg = Release|Any CPU
		{B3E99D3B-202F-43E1-8E7B-19037DB628B0}.Release|Any CPU.Build.0 = Release|Any CPU
		{B3E99D3B-202F-43E1-8E7B-19037DB628B0}.Release|x64.ActiveCfg = Release|Any CPU
		{B3E99D3B-202F-43E1-8E7B-19037DB628B0}.Release|x64.Build.0 = Release|Any CPU
		{B3E99D3B-202F-43E1-8E7B-19037DB628B0}.Release|x86.ActiveCfg = Release|Any CPU
		{B3E99D3B-202F-43E1-8E7B-19037DB628B0}.Release|x86.Build.0 = Release|Any CPU
		{D29C4C00-B90C-4AF4-96EB-2BBE862740FC}.Debug|Any CPU.ActiveCfg = Debug|Any CPU
		{D29C4C00-B90C-4AF4-96EB-2BBE862740FC}.Debug|Any CPU.Build.0 = Debug|Any CPU
		{D29C4C00-B90C-4AF4-96EB-2BBE862740FC}.Debug|x64.ActiveCfg = Debug|Any CPU
		{D29C4C00-B90C-4AF4-96EB-2BBE862740FC}.Debug|x64.Build.0 = Debug|Any CPU
		{D29C4C00-B90C-4AF4-96EB-2BBE862740FC}.Debug|x86.ActiveCfg = Debug|Any CPU
		{D29C4C00-B90C-4AF4-96EB-2BBE862740FC}.Debug|x86.Build.0 = Debug|Any CPU
		{D29C4C00-B90C-4AF4-96EB-2BBE862740FC}.Release|Any CPU.ActiveCfg = Release|Any CPU
		{D29C4C00-B90C-4AF4-96EB-2BBE862740FC}.Release|Any CPU.Build.0 = Release|Any CPU
		{D29C4C00-B90C-4AF4-96EB-2BBE862740FC}.Release|x64.ActiveCfg = Release|Any CPU
		{D29C4C00-B90C-4AF4-96EB-2BBE862740FC}.Release|x64.Build.0 = Release|Any CPU
		{D29C4C00-B90C-4AF4-96EB-2BBE862740FC}.Release|x86.ActiveCfg = Release|Any CPU
		{D29C4C00-B90C-4AF4-96EB-2BBE862740FC}.Release|x86.Build.0 = Release|Any CPU
	EndGlobalSection
	GlobalSection(SolutionProperties) = preSolution
		HideSolutionNode = FALSE
	EndGlobalSection
	GlobalSection(NestedProjects) = preSolution
		{7F59102D-8468-4787-9416-CD8DDF601093} = {827E0CD3-B72D-47B6-A68D-7590B98EB39B}
		{B3E99D3B-202F-43E1-8E7B-19037DB628B0} = {0AB3BF05-4346-4AA6-1389-037BE0695223}
		{D29C4C00-B90C-4AF4-96EB-2BBE862740FC} = {B36A84DF-456D-A817-6EDD-3EC3E7F6E11F}
	EndGlobalSection
EndGlobal
